
Microsoft Visual Studio Solution File, Format Version 12.00
# Visual Studio 15
VisualStudioVersion = 15.0.26730.8
MinimumVisualStudioVersion = 10.0.40219.1
Project("{9A19103F-16F7-4668-BE54-9A1E7A4F7556}") = "WaCore.Contracts", "WaCore.Contracts\WaCore.Contracts.csproj", "{5F1B5CFE-B0EA-49EF-85FA-F55DD965EEC6}"
EndProject
Project("{9A19103F-16F7-4668-BE54-9A1E7A4F7556}") = "WaCore.Data.Ef", "WaCore.Data.Ef\WaCore.Data.Ef.csproj", "{AD213878-CDE1-4C2A-BB31-6C775EEE1E80}"
EndProject
Project("{2150E333-8FDC-42A3-9474-1A3956D46DE8}") = "Samples", "Samples", "{FC121097-E52E-446C-A8CD-0D2FCA0FDEF3}"
EndProject
Project("{FAE04EC0-301F-11D3-BF4B-00C04F79EFBC}") = "WaCore.Sample", "WaCore.Sample\WaCore.Sample.csproj", "{234941C2-F30C-424F-B464-4782F3697536}"
EndProject
Global
	GlobalSection(SolutionConfigurationPlatforms) = preSolution
		Debug|Any CPU = Debug|Any CPU
		Release|Any CPU = Release|Any CPU
	EndGlobalSection
	GlobalSection(ProjectConfigurationPlatforms) = postSolution
		{5F1B5CFE-B0EA-49EF-85FA-F55DD965EEC6}.Debug|Any CPU.ActiveCfg = Debug|Any CPU
		{5F1B5CFE-B0EA-49EF-85FA-F55DD965EEC6}.Debug|Any CPU.Build.0 = Debug|Any CPU
		{5F1B5CFE-B0EA-49EF-85FA-F55DD965EEC6}.Release|Any CPU.ActiveCfg = Release|Any CPU
		{5F1B5CFE-B0EA-49EF-85FA-F55DD965EEC6}.Release|Any CPU.Build.0 = Release|Any CPU
		{AD213878-CDE1-4C2A-BB31-6C775EEE1E80}.Debug|Any CPU.ActiveCfg = Debug|Any CPU
		{AD213878-CDE1-4C2A-BB31-6C775EEE1E80}.Debug|Any CPU.Build.0 = Debug|Any CPU
		{AD213878-CDE1-4C2A-BB31-6C775EEE1E80}.Release|Any CPU.ActiveCfg = Release|Any CPU
		{AD213878-CDE1-4C2A-BB31-6C775EEE1E80}.Release|Any CPU.Build.0 = Release|Any CPU
		{234941C2-F30C-424F-B464-4782F3697536}.Debug|Any CPU.ActiveCfg = Debug|Any CPU
		{234941C2-F30C-424F-B464-4782F3697536}.Debug|Any CPU.Build.0 = Debug|Any CPU
		{234941C2-F30C-424F-B464-4782F3697536}.Release|Any CPU.ActiveCfg = Release|Any CPU
		{234941C2-F30C-424F-B464-4782F3697536}.Release|Any CPU.Build.0 = Release|Any CPU
	EndGlobalSection
	GlobalSection(SolutionProperties) = preSolution
		HideSolutionNode = FALSE
	EndGlobalSection
	GlobalSection(NestedProjects) = preSolution
		{234941C2-F30C-424F-B464-4782F3697536} = {FC121097-E52E-446C-A8CD-0D2FCA0FDEF3}
	EndGlobalSection
	GlobalSection(ExtensibilityGlobals) = postSolution
		SolutionGuid = {923302B1-4B86-4AA2-A7F6-890CF6C2D74E}
	EndGlobalSection
EndGlobal
