
Microsoft Visual Studio Solution File, Format Version 12.00
# Visual Studio 15
VisualStudioVersion = 15.0.26730.12
MinimumVisualStudioVersion = 10.0.40219.1
Project("{9A19103F-16F7-4668-BE54-9A1E7A4F7556}") = "WaCore.Contracts", "WaCore.Contracts\WaCore.Contracts.csproj", "{5F1B5CFE-B0EA-49EF-85FA-F55DD965EEC6}"
EndProject
Project("{9A19103F-16F7-4668-BE54-9A1E7A4F7556}") = "WaCore.Data.Ef", "WaCore.Data.Ef\WaCore.Data.Ef.csproj", "{AD213878-CDE1-4C2A-BB31-6C775EEE1E80}"
EndProject
Project("{2150E333-8FDC-42A3-9474-1A3956D46DE8}") = "Samples", "Samples", "{FC121097-E52E-446C-A8CD-0D2FCA0FDEF3}"
EndProject
Project("{9A19103F-16F7-4668-BE54-9A1E7A4F7556}") = "WaCore.Sample", "WaCore.Sample\WaCore.Sample.csproj", "{234941C2-F30C-424F-B464-4782F3697536}"
EndProject
Project("{2150E333-8FDC-42A3-9474-1A3956D46DE8}") = "WaCore.Crud", "WaCore.Crud", "{93E2EF1A-F251-4E10-86EF-BE67EB683235}"
EndProject
Project("{9A19103F-16F7-4668-BE54-9A1E7A4F7556}") = "WaCore.Crud.Services", "WaCore.Crud.Services\WaCore.Crud.Services.csproj", "{BD3AA2E7-1308-4ED7-95BF-8784E1EF8DC9}"
EndProject
Project("{9A19103F-16F7-4668-BE54-9A1E7A4F7556}") = "WaCore.Crud.Dtos", "WaCore.Crud.Dtos\WaCore.Crud.Dtos.csproj", "{889652D8-49AB-4386-92C6-D29015D7AF2B}"
EndProject
Project("{2150E333-8FDC-42A3-9474-1A3956D46DE8}") = "WaCore.Crud.Samples", "WaCore.Crud.Samples", "{ED3FED57-D2DD-452F-9C0B-DE948605E8DC}"
EndProject
Project("{9A19103F-16F7-4668-BE54-9A1E7A4F7556}") = "WaCore.Crud.Contracts", "WaCore.Crud.Contracts\WaCore.Crud.Contracts.csproj", "{B1BB2A63-52CD-4076-8330-1A3903ADBDBF}"
EndProject
Project("{9A19103F-16F7-4668-BE54-9A1E7A4F7556}") = "WaCore.Crud.Data.Ef", "WaCore.Crud.Data.Ef\WaCore.Crud.Data.Ef.csproj", "{FF1B1BC9-5548-4721-A7A9-132483A24138}"
EndProject
Project("{9A19103F-16F7-4668-BE54-9A1E7A4F7556}") = "WaCore.Crud.ListSample1", "WaCore.Crud.ListSample1\WaCore.Crud.ListSample1.csproj", "{8C427D1B-EE2A-4210-9F93-51F0D84F804C}"
EndProject
Project("{9A19103F-16F7-4668-BE54-9A1E7A4F7556}") = "WaCore.Crud.Utils", "WaCore.Crud.Utils\WaCore.Crud.Utils.csproj", "{385B6C76-6D0A-4A0B-8DB7-8DF12970DE79}"
EndProject
Project("{2150E333-8FDC-42A3-9474-1A3956D46DE8}") = "Tests", "Tests", "{CBB0AA48-9BE2-4EE0-819D-D77CFE3F408C}"
EndProject
Project("{9A19103F-16F7-4668-BE54-9A1E7A4F7556}") = "WaCore.Crud.UnitTests", "WaCore.Crud.UnitTests\WaCore.Crud.UnitTests.csproj", "{13973730-A24F-4059-81C9-BFE300EC406D}"
EndProject
Project("{9A19103F-16F7-4668-BE54-9A1E7A4F7556}") = "WaCore.Web", "WaCore.Web\WaCore.Web.csproj", "{6BDA7B6E-2853-415E-9C27-EAE603AAB7BD}"
EndProject
Project("{9A19103F-16F7-4668-BE54-9A1E7A4F7556}") = "WaCore.Sample.Middlewares", "WaCore.Sample.Middlewares\WaCore.Sample.Middlewares.csproj", "{504C2CFA-A7D3-4D11-A1B9-0CB4D78521E0}"
EndProject
Project("{2150E333-8FDC-42A3-9474-1A3956D46DE8}") = "WaCore.TemplateMgmt", "WaCore.TemplateMgmt", "{799EA74A-5D32-448C-9357-791B9C99E7E7}"
EndProject
Project("{FAE04EC0-301F-11D3-BF4B-00C04F79EFBC}") = "WaCore.TemplateMgmt.Services", "WaCore.TemplateMgmt.Services\WaCore.TemplateMgmt.Services.csproj", "{971A112C-436B-4CBF-BAAF-9D88A4D9F76F}"
EndProject
Project("{FAE04EC0-301F-11D3-BF4B-00C04F79EFBC}") = "WaCore.TemplateMgmt.Contracts", "WaCore.TemplateMgmt.Contracts\WaCore.TemplateMgmt.Contracts.csproj", "{6949E0D7-40F7-47C5-A589-B22B856D650A}"
EndProject
Project("{FAE04EC0-301F-11D3-BF4B-00C04F79EFBC}") = "WaCore.TemplateMgmt.Engine.Stubble", "WaCore.TemplateMgmt.Engine.Stubble\WaCore.TemplateMgmt.Engine.Stubble.csproj", "{079521A9-E7E2-4D85-931D-7E21A6AF2BFC}"
EndProject
Project("{2150E333-8FDC-42A3-9474-1A3956D46DE8}") = "Tests", "Tests", "{5D1F122C-99F5-42C7-8A0E-06C8C7C40450}"
EndProject
Project("{FAE04EC0-301F-11D3-BF4B-00C04F79EFBC}") = "WaCore.TemplateMgmt.UnitTests", "WaCore.TemplateMgmt.UnitTests\WaCore.TemplateMgmt.UnitTests.csproj", "{0AE42FF4-D810-4D15-9CE5-F632B1BCA6ED}"
EndProject
Global
	GlobalSection(SolutionConfigurationPlatforms) = preSolution
		Debug|Any CPU = Debug|Any CPU
		Release|Any CPU = Release|Any CPU
	EndGlobalSection
	GlobalSection(ProjectConfigurationPlatforms) = postSolution
		{5F1B5CFE-B0EA-49EF-85FA-F55DD965EEC6}.Debug|Any CPU.ActiveCfg = Debug|Any CPU
		{5F1B5CFE-B0EA-49EF-85FA-F55DD965EEC6}.Debug|Any CPU.Build.0 = Debug|Any CPU
		{5F1B5CFE-B0EA-49EF-85FA-F55DD965EEC6}.Release|Any CPU.ActiveCfg = Release|Any CPU
		{5F1B5CFE-B0EA-49EF-85FA-F55DD965EEC6}.Release|Any CPU.Build.0 = Release|Any CPU
		{AD213878-CDE1-4C2A-BB31-6C775EEE1E80}.Debug|Any CPU.ActiveCfg = Debug|Any CPU
		{AD213878-CDE1-4C2A-BB31-6C775EEE1E80}.Debug|Any CPU.Build.0 = Debug|Any CPU
		{AD213878-CDE1-4C2A-BB31-6C775EEE1E80}.Release|Any CPU.ActiveCfg = Release|Any CPU
		{AD213878-CDE1-4C2A-BB31-6C775EEE1E80}.Release|Any CPU.Build.0 = Release|Any CPU
		{234941C2-F30C-424F-B464-4782F3697536}.Debug|Any CPU.ActiveCfg = Debug|Any CPU
		{234941C2-F30C-424F-B464-4782F3697536}.Debug|Any CPU.Build.0 = Debug|Any CPU
		{234941C2-F30C-424F-B464-4782F3697536}.Release|Any CPU.ActiveCfg = Release|Any CPU
		{234941C2-F30C-424F-B464-4782F3697536}.Release|Any CPU.Build.0 = Release|Any CPU
		{BD3AA2E7-1308-4ED7-95BF-8784E1EF8DC9}.Debug|Any CPU.ActiveCfg = Debug|Any CPU
		{BD3AA2E7-1308-4ED7-95BF-8784E1EF8DC9}.Debug|Any CPU.Build.0 = Debug|Any CPU
		{BD3AA2E7-1308-4ED7-95BF-8784E1EF8DC9}.Release|Any CPU.ActiveCfg = Release|Any CPU
		{BD3AA2E7-1308-4ED7-95BF-8784E1EF8DC9}.Release|Any CPU.Build.0 = Release|Any CPU
		{889652D8-49AB-4386-92C6-D29015D7AF2B}.Debug|Any CPU.ActiveCfg = Debug|Any CPU
		{889652D8-49AB-4386-92C6-D29015D7AF2B}.Debug|Any CPU.Build.0 = Debug|Any CPU
		{889652D8-49AB-4386-92C6-D29015D7AF2B}.Release|Any CPU.ActiveCfg = Release|Any CPU
		{889652D8-49AB-4386-92C6-D29015D7AF2B}.Release|Any CPU.Build.0 = Release|Any CPU
		{B1BB2A63-52CD-4076-8330-1A3903ADBDBF}.Debug|Any CPU.ActiveCfg = Debug|Any CPU
		{B1BB2A63-52CD-4076-8330-1A3903ADBDBF}.Debug|Any CPU.Build.0 = Debug|Any CPU
		{B1BB2A63-52CD-4076-8330-1A3903ADBDBF}.Release|Any CPU.ActiveCfg = Release|Any CPU
		{B1BB2A63-52CD-4076-8330-1A3903ADBDBF}.Release|Any CPU.Build.0 = Release|Any CPU
		{FF1B1BC9-5548-4721-A7A9-132483A24138}.Debug|Any CPU.ActiveCfg = Debug|Any CPU
		{FF1B1BC9-5548-4721-A7A9-132483A24138}.Debug|Any CPU.Build.0 = Debug|Any CPU
		{FF1B1BC9-5548-4721-A7A9-132483A24138}.Release|Any CPU.ActiveCfg = Release|Any CPU
		{FF1B1BC9-5548-4721-A7A9-132483A24138}.Release|Any CPU.Build.0 = Release|Any CPU
		{8C427D1B-EE2A-4210-9F93-51F0D84F804C}.Debug|Any CPU.ActiveCfg = Debug|Any CPU
		{8C427D1B-EE2A-4210-9F93-51F0D84F804C}.Debug|Any CPU.Build.0 = Debug|Any CPU
		{8C427D1B-EE2A-4210-9F93-51F0D84F804C}.Release|Any CPU.ActiveCfg = Release|Any CPU
		{8C427D1B-EE2A-4210-9F93-51F0D84F804C}.Release|Any CPU.Build.0 = Release|Any CPU
		{385B6C76-6D0A-4A0B-8DB7-8DF12970DE79}.Debug|Any CPU.ActiveCfg = Debug|Any CPU
		{385B6C76-6D0A-4A0B-8DB7-8DF12970DE79}.Debug|Any CPU.Build.0 = Debug|Any CPU
		{385B6C76-6D0A-4A0B-8DB7-8DF12970DE79}.Release|Any CPU.ActiveCfg = Release|Any CPU
		{385B6C76-6D0A-4A0B-8DB7-8DF12970DE79}.Release|Any CPU.Build.0 = Release|Any CPU
		{13973730-A24F-4059-81C9-BFE300EC406D}.Debug|Any CPU.ActiveCfg = Debug|Any CPU
		{13973730-A24F-4059-81C9-BFE300EC406D}.Debug|Any CPU.Build.0 = Debug|Any CPU
		{13973730-A24F-4059-81C9-BFE300EC406D}.Release|Any CPU.ActiveCfg = Release|Any CPU
		{13973730-A24F-4059-81C9-BFE300EC406D}.Release|Any CPU.Build.0 = Release|Any CPU
		{6BDA7B6E-2853-415E-9C27-EAE603AAB7BD}.Debug|Any CPU.ActiveCfg = Debug|Any CPU
		{6BDA7B6E-2853-415E-9C27-EAE603AAB7BD}.Debug|Any CPU.Build.0 = Debug|Any CPU
		{6BDA7B6E-2853-415E-9C27-EAE603AAB7BD}.Release|Any CPU.ActiveCfg = Release|Any CPU
		{6BDA7B6E-2853-415E-9C27-EAE603AAB7BD}.Release|Any CPU.Build.0 = Release|Any CPU
		{504C2CFA-A7D3-4D11-A1B9-0CB4D78521E0}.Debug|Any CPU.ActiveCfg = Debug|Any CPU
		{504C2CFA-A7D3-4D11-A1B9-0CB4D78521E0}.Debug|Any CPU.Build.0 = Debug|Any CPU
		{504C2CFA-A7D3-4D11-A1B9-0CB4D78521E0}.Release|Any CPU.ActiveCfg = Release|Any CPU
		{504C2CFA-A7D3-4D11-A1B9-0CB4D78521E0}.Release|Any CPU.Build.0 = Release|Any CPU
		{971A112C-436B-4CBF-BAAF-9D88A4D9F76F}.Debug|Any CPU.ActiveCfg = Debug|Any CPU
		{971A112C-436B-4CBF-BAAF-9D88A4D9F76F}.Debug|Any CPU.Build.0 = Debug|Any CPU
		{971A112C-436B-4CBF-BAAF-9D88A4D9F76F}.Release|Any CPU.ActiveCfg = Release|Any CPU
		{971A112C-436B-4CBF-BAAF-9D88A4D9F76F}.Release|Any CPU.Build.0 = Release|Any CPU
		{6949E0D7-40F7-47C5-A589-B22B856D650A}.Debug|Any CPU.ActiveCfg = Debug|Any CPU
		{6949E0D7-40F7-47C5-A589-B22B856D650A}.Debug|Any CPU.Build.0 = Debug|Any CPU
		{6949E0D7-40F7-47C5-A589-B22B856D650A}.Release|Any CPU.ActiveCfg = Release|Any CPU
		{6949E0D7-40F7-47C5-A589-B22B856D650A}.Release|Any CPU.Build.0 = Release|Any CPU
		{079521A9-E7E2-4D85-931D-7E21A6AF2BFC}.Debug|Any CPU.ActiveCfg = Debug|Any CPU
		{079521A9-E7E2-4D85-931D-7E21A6AF2BFC}.Debug|Any CPU.Build.0 = Debug|Any CPU
		{079521A9-E7E2-4D85-931D-7E21A6AF2BFC}.Release|Any CPU.ActiveCfg = Release|Any CPU
		{079521A9-E7E2-4D85-931D-7E21A6AF2BFC}.Release|Any CPU.Build.0 = Release|Any CPU
		{0AE42FF4-D810-4D15-9CE5-F632B1BCA6ED}.Debug|Any CPU.ActiveCfg = Debug|Any CPU
		{0AE42FF4-D810-4D15-9CE5-F632B1BCA6ED}.Debug|Any CPU.Build.0 = Debug|Any CPU
		{0AE42FF4-D810-4D15-9CE5-F632B1BCA6ED}.Release|Any CPU.ActiveCfg = Release|Any CPU
		{0AE42FF4-D810-4D15-9CE5-F632B1BCA6ED}.Release|Any CPU.Build.0 = Release|Any CPU
	EndGlobalSection
	GlobalSection(SolutionProperties) = preSolution
		HideSolutionNode = FALSE
	EndGlobalSection
	GlobalSection(NestedProjects) = preSolution
		{234941C2-F30C-424F-B464-4782F3697536} = {FC121097-E52E-446C-A8CD-0D2FCA0FDEF3}
		{BD3AA2E7-1308-4ED7-95BF-8784E1EF8DC9} = {93E2EF1A-F251-4E10-86EF-BE67EB683235}
		{889652D8-49AB-4386-92C6-D29015D7AF2B} = {93E2EF1A-F251-4E10-86EF-BE67EB683235}
		{ED3FED57-D2DD-452F-9C0B-DE948605E8DC} = {93E2EF1A-F251-4E10-86EF-BE67EB683235}
		{B1BB2A63-52CD-4076-8330-1A3903ADBDBF} = {93E2EF1A-F251-4E10-86EF-BE67EB683235}
		{FF1B1BC9-5548-4721-A7A9-132483A24138} = {93E2EF1A-F251-4E10-86EF-BE67EB683235}
		{8C427D1B-EE2A-4210-9F93-51F0D84F804C} = {ED3FED57-D2DD-452F-9C0B-DE948605E8DC}
		{385B6C76-6D0A-4A0B-8DB7-8DF12970DE79} = {93E2EF1A-F251-4E10-86EF-BE67EB683235}
		{CBB0AA48-9BE2-4EE0-819D-D77CFE3F408C} = {93E2EF1A-F251-4E10-86EF-BE67EB683235}
		{13973730-A24F-4059-81C9-BFE300EC406D} = {CBB0AA48-9BE2-4EE0-819D-D77CFE3F408C}
		{504C2CFA-A7D3-4D11-A1B9-0CB4D78521E0} = {FC121097-E52E-446C-A8CD-0D2FCA0FDEF3}
		{971A112C-436B-4CBF-BAAF-9D88A4D9F76F} = {799EA74A-5D32-448C-9357-791B9C99E7E7}
		{6949E0D7-40F7-47C5-A589-B22B856D650A} = {799EA74A-5D32-448C-9357-791B9C99E7E7}
		{079521A9-E7E2-4D85-931D-7E21A6AF2BFC} = {799EA74A-5D32-448C-9357-791B9C99E7E7}
		{5D1F122C-99F5-42C7-8A0E-06C8C7C40450} = {799EA74A-5D32-448C-9357-791B9C99E7E7}
		{0AE42FF4-D810-4D15-9CE5-F632B1BCA6ED} = {5D1F122C-99F5-42C7-8A0E-06C8C7C40450}
	EndGlobalSection
	GlobalSection(ExtensibilityGlobals) = postSolution
		SolutionGuid = {923302B1-4B86-4AA2-A7F6-890CF6C2D74E}
	EndGlobalSection
EndGlobal
